
Microsoft Visual Studio Solution File, Format Version 12.00
# Visual Studio Version 16
VisualStudioVersion = 16.0.30523.141
MinimumVisualStudioVersion = 10.0.40219.1
Project("{FAE04EC0-301F-11D3-BF4B-00C04F79EFBC}") = "Zabawki", "Zabawki\Zabawki.csproj", "{3FD6A6CC-3D70-4B3B-89CD-1402F84A6B7E}"
EndProject
Global
	GlobalSection(SolutionConfigurationPlatforms) = preSolution
		Debug|Any CPU = Debug|Any CPU
		Release|Any CPU = Release|Any CPU
	EndGlobalSection
	GlobalSection(ProjectConfigurationPlatforms) = postSolution
		{3FD6A6CC-3D70-4B3B-89CD-1402F84A6B7E}.Debug|Any CPU.ActiveCfg = Debug|Any CPU
		{3FD6A6CC-3D70-4B3B-89CD-1402F84A6B7E}.Debug|Any CPU.Build.0 = Debug|Any CPU
		{3FD6A6CC-3D70-4B3B-89CD-1402F84A6B7E}.Release|Any CPU.ActiveCfg = Release|Any CPU
		{3FD6A6CC-3D70-4B3B-89CD-1402F84A6B7E}.Release|Any CPU.Build.0 = Release|Any CPU
	EndGlobalSection
	GlobalSection(SolutionProperties) = preSolution
		HideSolutionNode = FALSE
	EndGlobalSection
	GlobalSection(ExtensibilityGlobals) = postSolution
		SolutionGuid = {36F6A2D9-B29B-4FD9-B13E-341AC22D5105}
	EndGlobalSection
EndGlobal
